
Microsoft Visual Studio Solution File, Format Version 12.00
# Visual Studio 15
VisualStudioVersion = 15.0.28010.2046
MinimumVisualStudioVersion = 10.0.40219.1
Project("{FAE04EC0-301F-11D3-BF4B-00C04F79EFBC}") = "CRM.Core", "CRM.Core\CRM.Core.csproj", "{F9E1DEC1-6FE1-4729-B6ED-343FFE4F7FD7}"
EndProject
Project("{FAE04EC0-301F-11D3-BF4B-00C04F79EFBC}") = "CRM.Droid", "CRM.Droid\CRM.Droid.csproj", "{07272096-7498-4F50-B9FC-AA5202BDA99D}"
EndProject
Project("{FAE04EC0-301F-11D3-BF4B-00C04F79EFBC}") = "CRM.iOS", "CRM.iOS\CRM.iOS.csproj", "{4C22BFDA-5874-4348-B67D-2B06D262BAE4}"
EndProject
Global
	GlobalSection(SolutionConfigurationPlatforms) = preSolution
		Debug|Any CPU = Debug|Any CPU
		Debug|iPhone = Debug|iPhone
		Debug|iPhoneSimulator = Debug|iPhoneSimulator
		Release|Any CPU = Release|Any CPU
		Release|iPhone = Release|iPhone
		Release|iPhoneSimulator = Release|iPhoneSimulator
	EndGlobalSection
	GlobalSection(ProjectConfigurationPlatforms) = postSolution
		{F9E1DEC1-6FE1-4729-B6ED-343FFE4F7FD7}.Debug|Any CPU.ActiveCfg = Debug|Any CPU
		{F9E1DEC1-6FE1-4729-B6ED-343FFE4F7FD7}.Debug|Any CPU.Build.0 = Debug|Any CPU
		{F9E1DEC1-6FE1-4729-B6ED-343FFE4F7FD7}.Debug|iPhone.ActiveCfg = Debug|Any CPU
		{F9E1DEC1-6FE1-4729-B6ED-343FFE4F7FD7}.Debug|iPhone.Build.0 = Debug|Any CPU
		{F9E1DEC1-6FE1-4729-B6ED-343FFE4F7FD7}.Debug|iPhoneSimulator.ActiveCfg = Debug|Any CPU
		{F9E1DEC1-6FE1-4729-B6ED-343FFE4F7FD7}.Debug|iPhoneSimulator.Build.0 = Debug|Any CPU
		{F9E1DEC1-6FE1-4729-B6ED-343FFE4F7FD7}.Release|Any CPU.ActiveCfg = Release|Any CPU
		{F9E1DEC1-6FE1-4729-B6ED-343FFE4F7FD7}.Release|Any CPU.Build.0 = Release|Any CPU
		{F9E1DEC1-6FE1-4729-B6ED-343FFE4F7FD7}.Release|iPhone.ActiveCfg = Release|Any CPU
		{F9E1DEC1-6FE1-4729-B6ED-343FFE4F7FD7}.Release|iPhone.Build.0 = Release|Any CPU
		{F9E1DEC1-6FE1-4729-B6ED-343FFE4F7FD7}.Release|iPhoneSimulator.ActiveCfg = Release|Any CPU
		{F9E1DEC1-6FE1-4729-B6ED-343FFE4F7FD7}.Release|iPhoneSimulator.Build.0 = Release|Any CPU
		{07272096-7498-4F50-B9FC-AA5202BDA99D}.Debug|Any CPU.ActiveCfg = Debug|Any CPU
		{07272096-7498-4F50-B9FC-AA5202BDA99D}.Debug|Any CPU.Build.0 = Debug|Any CPU
		{07272096-7498-4F50-B9FC-AA5202BDA99D}.Debug|Any CPU.Deploy.0 = Debug|Any CPU
		{07272096-7498-4F50-B9FC-AA5202BDA99D}.Debug|iPhone.ActiveCfg = Debug|Any CPU
		{07272096-7498-4F50-B9FC-AA5202BDA99D}.Debug|iPhone.Build.0 = Debug|Any CPU
		{07272096-7498-4F50-B9FC-AA5202BDA99D}.Debug|iPhone.Deploy.0 = Debug|Any CPU
		{07272096-7498-4F50-B9FC-AA5202BDA99D}.Debug|iPhoneSimulator.ActiveCfg = Debug|Any CPU
		{07272096-7498-4F50-B9FC-AA5202BDA99D}.Debug|iPhoneSimulator.Build.0 = Debug|Any CPU
		{07272096-7498-4F50-B9FC-AA5202BDA99D}.Debug|iPhoneSimulator.Deploy.0 = Debug|Any CPU
		{07272096-7498-4F50-B9FC-AA5202BDA99D}.Release|Any CPU.ActiveCfg = Release|Any CPU
		{07272096-7498-4F50-B9FC-AA5202BDA99D}.Release|Any CPU.Build.0 = Release|Any CPU
		{07272096-7498-4F50-B9FC-AA5202BDA99D}.Release|Any CPU.Deploy.0 = Release|Any CPU
		{07272096-7498-4F50-B9FC-AA5202BDA99D}.Release|iPhone.ActiveCfg = Release|Any CPU
		{07272096-7498-4F50-B9FC-AA5202BDA99D}.Release|iPhone.Build.0 = Release|Any CPU
		{07272096-7498-4F50-B9FC-AA5202BDA99D}.Release|iPhone.Deploy.0 = Release|Any CPU
		{07272096-7498-4F50-B9FC-AA5202BDA99D}.Release|iPhoneSimulator.ActiveCfg = Release|Any CPU
		{07272096-7498-4F50-B9FC-AA5202BDA99D}.Release|iPhoneSimulator.Build.0 = Release|Any CPU
		{07272096-7498-4F50-B9FC-AA5202BDA99D}.Release|iPhoneSimulator.Deploy.0 = Release|Any CPU
		{4C22BFDA-5874-4348-B67D-2B06D262BAE4}.Debug|Any CPU.ActiveCfg = Debug|iPhone
		{4C22BFDA-5874-4348-B67D-2B06D262BAE4}.Debug|iPhone.ActiveCfg = Debug|iPhone
		{4C22BFDA-5874-4348-B67D-2B06D262BAE4}.Debug|iPhone.Build.0 = Debug|iPhone
		{4C22BFDA-5874-4348-B67D-2B06D262BAE4}.Debug|iPhoneSimulator.ActiveCfg = Debug|iPhoneSimulator
		{4C22BFDA-5874-4348-B67D-2B06D262BAE4}.Debug|iPhoneSimulator.Build.0 = Debug|iPhoneSimulator
		{4C22BFDA-5874-4348-B67D-2B06D262BAE4}.Release|Any CPU.ActiveCfg = Release|iPhone
		{4C22BFDA-5874-4348-B67D-2B06D262BAE4}.Release|iPhone.ActiveCfg = Release|iPhone
		{4C22BFDA-5874-4348-B67D-2B06D262BAE4}.Release|iPhone.Build.0 = Release|iPhone
		{4C22BFDA-5874-4348-B67D-2B06D262BAE4}.Release|iPhoneSimulator.ActiveCfg = Release|iPhoneSimulator
		{4C22BFDA-5874-4348-B67D-2B06D262BAE4}.Release|iPhoneSimulator.Build.0 = Release|iPhoneSimulator
	EndGlobalSection
	GlobalSection(SolutionProperties) = preSolution
		HideSolutionNode = FALSE
	EndGlobalSection
	GlobalSection(ExtensibilityGlobals) = postSolution
		SolutionGuid = {E5F4990A-4B63-4D3D-9A7A-DE23DC2C8DC0}
	EndGlobalSection
EndGlobal
